// !$*UTF8*$!
{
	archiveVersion = 1;
	classes = {
	};
	objectVersion = 56;
	objects = {

/* Begin PBXBuildFile section */
		1014F8C32C4F5A120077C6E9 /* progressBarComponent.swift in Sources */ = {isa = PBXBuildFile; fileRef = 1014F8C22C4F5A120077C6E9 /* progressBarComponent.swift */; };
		1014F8C62C4F5FA80077C6E9 /* Answer.swift in Sources */ = {isa = PBXBuildFile; fileRef = 1014F8C52C4F5FA80077C6E9 /* Answer.swift */; };
		1014F8C82C4F60180077C6E9 /* answerRow.swift in Sources */ = {isa = PBXBuildFile; fileRef = 1014F8C72C4F60180077C6E9 /* answerRow.swift */; };
		1014F8CA2C4F6ADE0077C6E9 /* primaryButton.swift in Sources */ = {isa = PBXBuildFile; fileRef = 1014F8C92C4F6ADE0077C6E9 /* primaryButton.swift */; };
		1014F8CC2C5191470077C6E9 /* pregunta.swift in Sources */ = {isa = PBXBuildFile; fileRef = 1014F8CB2C5191470077C6E9 /* pregunta.swift */; };
		10678C1F2C44DBAF00345027 /* colors.swift in Sources */ = {isa = PBXBuildFile; fileRef = 10678C1E2C44DBAF00345027 /* colors.swift */; };
		1073B54E2C4DF6A100E94C42 /* quizView.swift in Sources */ = {isa = PBXBuildFile; fileRef = 1073B54D2C4DF6A100E94C42 /* quizView.swift */; };
		1073B5502C4DFAA900E94C42 /* gameManager.swift in Sources */ = {isa = PBXBuildFile; fileRef = 1073B54F2C4DFAA900E94C42 /* gameManager.swift */; };
		10DE0C4B2C3CE58000795A22 /* financeEducationApp.swift in Sources */ = {isa = PBXBuildFile; fileRef = 10DE0C4A2C3CE58000795A22 /* financeEducationApp.swift */; };
		10DE0C4D2C3CE58000795A22 /* ContentView.swift in Sources */ = {isa = PBXBuildFile; fileRef = 10DE0C4C2C3CE58000795A22 /* ContentView.swift */; };
		10DE0C4F2C3CE58200795A22 /* Assets.xcassets in Resources */ = {isa = PBXBuildFile; fileRef = 10DE0C4E2C3CE58200795A22 /* Assets.xcassets */; };
		10DE0C522C3CE58200795A22 /* Preview Assets.xcassets in Resources */ = {isa = PBXBuildFile; fileRef = 10DE0C512C3CE58200795A22 /* Preview Assets.xcassets */; };
		10DE0C5C2C3CE58200795A22 /* financeEducationTests.swift in Sources */ = {isa = PBXBuildFile; fileRef = 10DE0C5B2C3CE58200795A22 /* financeEducationTests.swift */; };
		10DE0C662C3CE58200795A22 /* financeEducationUITests.swift in Sources */ = {isa = PBXBuildFile; fileRef = 10DE0C652C3CE58200795A22 /* financeEducationUITests.swift */; };
		10DE0C682C3CE58200795A22 /* financeEducationUITestsLaunchTests.swift in Sources */ = {isa = PBXBuildFile; fileRef = 10DE0C672C3CE58200795A22 /* financeEducationUITestsLaunchTests.swift */; };
/* End PBXBuildFile section */

/* Begin PBXContainerItemProxy section */
		10DE0C582C3CE58200795A22 /* PBXContainerItemProxy */ = {
			isa = PBXContainerItemProxy;
			containerPortal = 10DE0C3F2C3CE58000795A22 /* Project object */;
			proxyType = 1;
			remoteGlobalIDString = 10DE0C462C3CE58000795A22;
			remoteInfo = financeEducation;
		};
		10DE0C622C3CE58200795A22 /* PBXContainerItemProxy */ = {
			isa = PBXContainerItemProxy;
			containerPortal = 10DE0C3F2C3CE58000795A22 /* Project object */;
			proxyType = 1;
			remoteGlobalIDString = 10DE0C462C3CE58000795A22;
			remoteInfo = financeEducation;
		};
/* End PBXContainerItemProxy section */

/* Begin PBXFileReference section */
		1014F8C22C4F5A120077C6E9 /* progressBarComponent.swift */ = {isa = PBXFileReference; lastKnownFileType = sourcecode.swift; path = progressBarComponent.swift; sourceTree = "<group>"; };
		1014F8C52C4F5FA80077C6E9 /* Answer.swift */ = {isa = PBXFileReference; lastKnownFileType = sourcecode.swift; path = Answer.swift; sourceTree = "<group>"; };
		1014F8C72C4F60180077C6E9 /* answerRow.swift */ = {isa = PBXFileReference; lastKnownFileType = sourcecode.swift; path = answerRow.swift; sourceTree = "<group>"; };
		1014F8C92C4F6ADE0077C6E9 /* primaryButton.swift */ = {isa = PBXFileReference; lastKnownFileType = sourcecode.swift; path = primaryButton.swift; sourceTree = "<group>"; };
		1014F8CB2C5191470077C6E9 /* pregunta.swift */ = {isa = PBXFileReference; lastKnownFileType = sourcecode.swift; path = pregunta.swift; sourceTree = "<group>"; };
		10678C1E2C44DBAF00345027 /* colors.swift */ = {isa = PBXFileReference; lastKnownFileType = sourcecode.swift; path = colors.swift; sourceTree = "<group>"; };
		1073B54D2C4DF6A100E94C42 /* quizView.swift */ = {isa = PBXFileReference; lastKnownFileType = sourcecode.swift; path = quizView.swift; sourceTree = "<group>"; };
		1073B54F2C4DFAA900E94C42 /* gameManager.swift */ = {isa = PBXFileReference; lastKnownFileType = sourcecode.swift; path = gameManager.swift; sourceTree = "<group>"; };
		10DE0C472C3CE58000795A22 /* financeEducation.app */ = {isa = PBXFileReference; explicitFileType = wrapper.application; includeInIndex = 0; path = financeEducation.app; sourceTree = BUILT_PRODUCTS_DIR; };
		10DE0C4A2C3CE58000795A22 /* financeEducationApp.swift */ = {isa = PBXFileReference; lastKnownFileType = sourcecode.swift; path = financeEducationApp.swift; sourceTree = "<group>"; };
		10DE0C4C2C3CE58000795A22 /* ContentView.swift */ = {isa = PBXFileReference; lastKnownFileType = sourcecode.swift; path = ContentView.swift; sourceTree = "<group>"; };
		10DE0C4E2C3CE58200795A22 /* Assets.xcassets */ = {isa = PBXFileReference; lastKnownFileType = folder.assetcatalog; path = Assets.xcassets; sourceTree = "<group>"; };
		10DE0C512C3CE58200795A22 /* Preview Assets.xcassets */ = {isa = PBXFileReference; lastKnownFileType = folder.assetcatalog; path = "Preview Assets.xcassets"; sourceTree = "<group>"; };
		10DE0C572C3CE58200795A22 /* financeEducationTests.xctest */ = {isa = PBXFileReference; explicitFileType = wrapper.cfbundle; includeInIndex = 0; path = financeEducationTests.xctest; sourceTree = BUILT_PRODUCTS_DIR; };
		10DE0C5B2C3CE58200795A22 /* financeEducationTests.swift */ = {isa = PBXFileReference; lastKnownFileType = sourcecode.swift; path = financeEducationTests.swift; sourceTree = "<group>"; };
		10DE0C612C3CE58200795A22 /* financeEducationUITests.xctest */ = {isa = PBXFileReference; explicitFileType = wrapper.cfbundle; includeInIndex = 0; path = financeEducationUITests.xctest; sourceTree = BUILT_PRODUCTS_DIR; };
		10DE0C652C3CE58200795A22 /* financeEducationUITests.swift */ = {isa = PBXFileReference; lastKnownFileType = sourcecode.swift; path = financeEducationUITests.swift; sourceTree = "<group>"; };
		10DE0C672C3CE58200795A22 /* financeEducationUITestsLaunchTests.swift */ = {isa = PBXFileReference; lastKnownFileType = sourcecode.swift; path = financeEducationUITestsLaunchTests.swift; sourceTree = "<group>"; };
/* End PBXFileReference section */

/* Begin PBXFrameworksBuildPhase section */
		10DE0C442C3CE58000795A22 /* Frameworks */ = {
			isa = PBXFrameworksBuildPhase;
			buildActionMask = 2147483647;
			files = (
			);
			runOnlyForDeploymentPostprocessing = 0;
		};
		10DE0C542C3CE58200795A22 /* Frameworks */ = {
			isa = PBXFrameworksBuildPhase;
			buildActionMask = 2147483647;
			files = (
			);
			runOnlyForDeploymentPostprocessing = 0;
		};
		10DE0C5E2C3CE58200795A22 /* Frameworks */ = {
			isa = PBXFrameworksBuildPhase;
			buildActionMask = 2147483647;
			files = (
			);
			runOnlyForDeploymentPostprocessing = 0;
		};
/* End PBXFrameworksBuildPhase section */

/* Begin PBXGroup section */
		1014F8C02C4F59DD0077C6E9 /* Views */ = {
			isa = PBXGroup;
			children = (
				1073B54D2C4DF6A100E94C42 /* quizView.swift */,
				10DE0C4C2C3CE58000795A22 /* ContentView.swift */,
			);
			path = Views;
			sourceTree = "<group>";
		};
		1014F8C12C4F59F30077C6E9 /* components */ = {
			isa = PBXGroup;
			children = (
				1014F8C22C4F5A120077C6E9 /* progressBarComponent.swift */,
				1014F8C72C4F60180077C6E9 /* answerRow.swift */,
				1014F8C92C4F6ADE0077C6E9 /* primaryButton.swift */,
			);
			path = components;
			sourceTree = "<group>";
		};
		1014F8C42C4F5F930077C6E9 /* Models */ = {
			isa = PBXGroup;
			children = (
				1014F8C52C4F5FA80077C6E9 /* Answer.swift */,
				1014F8CB2C5191470077C6E9 /* pregunta.swift */,
			);
			path = Models;
			sourceTree = "<group>";
		};
		10DE0C3E2C3CE58000795A22 = {
			isa = PBXGroup;
			children = (
				10DE0C492C3CE58000795A22 /* financeEducation */,
				10DE0C5A2C3CE58200795A22 /* financeEducationTests */,
				10DE0C642C3CE58200795A22 /* financeEducationUITests */,
				10DE0C482C3CE58000795A22 /* Products */,
			);
			sourceTree = "<group>";
		};
		10DE0C482C3CE58000795A22 /* Products */ = {
			isa = PBXGroup;
			children = (
				10DE0C472C3CE58000795A22 /* financeEducation.app */,
				10DE0C572C3CE58200795A22 /* financeEducationTests.xctest */,
				10DE0C612C3CE58200795A22 /* financeEducationUITests.xctest */,
			);
			name = Products;
			sourceTree = "<group>";
		};
		10DE0C492C3CE58000795A22 /* financeEducation */ = {
			isa = PBXGroup;
			children = (
				1014F8C42C4F5F930077C6E9 /* Models */,
				1014F8C12C4F59F30077C6E9 /* components */,
				1014F8C02C4F59DD0077C6E9 /* Views */,
				1073B54F2C4DFAA900E94C42 /* gameManager.swift */,
				10678C1E2C44DBAF00345027 /* colors.swift */,
				10DE0C4A2C3CE58000795A22 /* financeEducationApp.swift */,
				10DE0C4E2C3CE58200795A22 /* Assets.xcassets */,
				10DE0C502C3CE58200795A22 /* Preview Content */,
			);
			path = financeEducation;
			sourceTree = "<group>";
		};
		10DE0C502C3CE58200795A22 /* Preview Content */ = {
			isa = PBXGroup;
			children = (
				10DE0C512C3CE58200795A22 /* Preview Assets.xcassets */,
			);
			path = "Preview Content";
			sourceTree = "<group>";
		};
		10DE0C5A2C3CE58200795A22 /* financeEducationTests */ = {
			isa = PBXGroup;
			children = (
				10DE0C5B2C3CE58200795A22 /* financeEducationTests.swift */,
			);
			path = financeEducationTests;
			sourceTree = "<group>";
		};
		10DE0C642C3CE58200795A22 /* financeEducationUITests */ = {
			isa = PBXGroup;
			children = (
				10DE0C652C3CE58200795A22 /* financeEducationUITests.swift */,
				10DE0C672C3CE58200795A22 /* financeEducationUITestsLaunchTests.swift */,
			);
			path = financeEducationUITests;
			sourceTree = "<group>";
		};
/* End PBXGroup section */

/* Begin PBXNativeTarget section */
		10DE0C462C3CE58000795A22 /* financeEducation */ = {
			isa = PBXNativeTarget;
			buildConfigurationList = 10DE0C6B2C3CE58200795A22 /* Build configuration list for PBXNativeTarget "financeEducation" */;
			buildPhases = (
				10DE0C432C3CE58000795A22 /* Sources */,
				10DE0C442C3CE58000795A22 /* Frameworks */,
				10DE0C452C3CE58000795A22 /* Resources */,
			);
			buildRules = (
			);
			dependencies = (
			);
			name = financeEducation;
			productName = financeEducation;
			productReference = 10DE0C472C3CE58000795A22 /* financeEducation.app */;
			productType = "com.apple.product-type.application";
		};
		10DE0C562C3CE58200795A22 /* financeEducationTests */ = {
			isa = PBXNativeTarget;
			buildConfigurationList = 10DE0C6E2C3CE58200795A22 /* Build configuration list for PBXNativeTarget "financeEducationTests" */;
			buildPhases = (
				10DE0C532C3CE58200795A22 /* Sources */,
				10DE0C542C3CE58200795A22 /* Frameworks */,
				10DE0C552C3CE58200795A22 /* Resources */,
			);
			buildRules = (
			);
			dependencies = (
				10DE0C592C3CE58200795A22 /* PBXTargetDependency */,
			);
			name = financeEducationTests;
			productName = financeEducationTests;
			productReference = 10DE0C572C3CE58200795A22 /* financeEducationTests.xctest */;
			productType = "com.apple.product-type.bundle.unit-test";
		};
		10DE0C602C3CE58200795A22 /* financeEducationUITests */ = {
			isa = PBXNativeTarget;
			buildConfigurationList = 10DE0C712C3CE58200795A22 /* Build configuration list for PBXNativeTarget "financeEducationUITests" */;
			buildPhases = (
				10DE0C5D2C3CE58200795A22 /* Sources */,
				10DE0C5E2C3CE58200795A22 /* Frameworks */,
				10DE0C5F2C3CE58200795A22 /* Resources */,
			);
			buildRules = (
			);
			dependencies = (
				10DE0C632C3CE58200795A22 /* PBXTargetDependency */,
			);
			name = financeEducationUITests;
			productName = financeEducationUITests;
			productReference = 10DE0C612C3CE58200795A22 /* financeEducationUITests.xctest */;
			productType = "com.apple.product-type.bundle.ui-testing";
		};
/* End PBXNativeTarget section */

/* Begin PBXProject section */
		10DE0C3F2C3CE58000795A22 /* Project object */ = {
			isa = PBXProject;
			attributes = {
				BuildIndependentTargetsInParallel = 1;
				LastSwiftUpdateCheck = 1500;
				LastUpgradeCheck = 1500;
				TargetAttributes = {
					10DE0C462C3CE58000795A22 = {
						CreatedOnToolsVersion = 15.0;
					};
					10DE0C562C3CE58200795A22 = {
						CreatedOnToolsVersion = 15.0;
						TestTargetID = 10DE0C462C3CE58000795A22;
					};
					10DE0C602C3CE58200795A22 = {
						CreatedOnToolsVersion = 15.0;
						TestTargetID = 10DE0C462C3CE58000795A22;
					};
				};
			};
			buildConfigurationList = 10DE0C422C3CE58000795A22 /* Build configuration list for PBXProject "financeEducation" */;
			compatibilityVersion = "Xcode 14.0";
			developmentRegion = en;
			hasScannedForEncodings = 0;
			knownRegions = (
				en,
				Base,
			);
			mainGroup = 10DE0C3E2C3CE58000795A22;
			productRefGroup = 10DE0C482C3CE58000795A22 /* Products */;
			projectDirPath = "";
			projectRoot = "";
			targets = (
				10DE0C462C3CE58000795A22 /* financeEducation */,
				10DE0C562C3CE58200795A22 /* financeEducationTests */,
				10DE0C602C3CE58200795A22 /* financeEducationUITests */,
			);
		};
/* End PBXProject section */

/* Begin PBXResourcesBuildPhase section */
		10DE0C452C3CE58000795A22 /* Resources */ = {
			isa = PBXResourcesBuildPhase;
			buildActionMask = 2147483647;
			files = (
				10DE0C522C3CE58200795A22 /* Preview Assets.xcassets in Resources */,
				10DE0C4F2C3CE58200795A22 /* Assets.xcassets in Resources */,
			);
			runOnlyForDeploymentPostprocessing = 0;
		};
		10DE0C552C3CE58200795A22 /* Resources */ = {
			isa = PBXResourcesBuildPhase;
			buildActionMask = 2147483647;
			files = (
			);
			runOnlyForDeploymentPostprocessing = 0;
		};
		10DE0C5F2C3CE58200795A22 /* Resources */ = {
			isa = PBXResourcesBuildPhase;
			buildActionMask = 2147483647;
			files = (
			);
			runOnlyForDeploymentPostprocessing = 0;
		};
/* End PBXResourcesBuildPhase section */

/* Begin PBXSourcesBuildPhase section */
		10DE0C432C3CE58000795A22 /* Sources */ = {
			isa = PBXSourcesBuildPhase;
			buildActionMask = 2147483647;
			files = (
				1014F8CC2C5191470077C6E9 /* pregunta.swift in Sources */,
				10DE0C4D2C3CE58000795A22 /* ContentView.swift in Sources */,
				1073B54E2C4DF6A100E94C42 /* quizView.swift in Sources */,
				10678C1F2C44DBAF00345027 /* colors.swift in Sources */,
				1014F8C82C4F60180077C6E9 /* answerRow.swift in Sources */,
				10DE0C4B2C3CE58000795A22 /* financeEducationApp.swift in Sources */,
				1014F8C32C4F5A120077C6E9 /* progressBarComponent.swift in Sources */,
				1073B5502C4DFAA900E94C42 /* gameManager.swift in Sources */,
				1014F8CA2C4F6ADE0077C6E9 /* primaryButton.swift in Sources */,
				1014F8C62C4F5FA80077C6E9 /* Answer.swift in Sources */,
			);
			runOnlyForDeploymentPostprocessing = 0;
		};
		10DE0C532C3CE58200795A22 /* Sources */ = {
			isa = PBXSourcesBuildPhase;
			buildActionMask = 2147483647;
			files = (
				10DE0C5C2C3CE58200795A22 /* financeEducationTests.swift in Sources */,
			);
			runOnlyForDeploymentPostprocessing = 0;
		};
		10DE0C5D2C3CE58200795A22 /* Sources */ = {
			isa = PBXSourcesBuildPhase;
			buildActionMask = 2147483647;
			files = (
				10DE0C682C3CE58200795A22 /* financeEducationUITestsLaunchTests.swift in Sources */,
				10DE0C662C3CE58200795A22 /* financeEducationUITests.swift in Sources */,
			);
			runOnlyForDeploymentPostprocessing = 0;
		};
/* End PBXSourcesBuildPhase section */

/* Begin PBXTargetDependency section */
		10DE0C592C3CE58200795A22 /* PBXTargetDependency */ = {
			isa = PBXTargetDependency;
			target = 10DE0C462C3CE58000795A22 /* financeEducation */;
			targetProxy = 10DE0C582C3CE58200795A22 /* PBXContainerItemProxy */;
		};
		10DE0C632C3CE58200795A22 /* PBXTargetDependency */ = {
			isa = PBXTargetDependency;
			target = 10DE0C462C3CE58000795A22 /* financeEducation */;
			targetProxy = 10DE0C622C3CE58200795A22 /* PBXContainerItemProxy */;
		};
/* End PBXTargetDependency section */

/* Begin XCBuildConfiguration section */
		10DE0C692C3CE58200795A22 /* Debug */ = {
			isa = XCBuildConfiguration;
			buildSettings = {
				ALWAYS_SEARCH_USER_PATHS = NO;
				ASSETCATALOG_COMPILER_GENERATE_SWIFT_ASSET_SYMBOL_EXTENSIONS = YES;
				CLANG_ANALYZER_NONNULL = YES;
				CLANG_ANALYZER_NUMBER_OBJECT_CONVERSION = YES_AGGRESSIVE;
				CLANG_CXX_LANGUAGE_STANDARD = "gnu++20";
				CLANG_ENABLE_MODULES = YES;
				CLANG_ENABLE_OBJC_ARC = YES;
				CLANG_ENABLE_OBJC_WEAK = YES;
				CLANG_WARN_BLOCK_CAPTURE_AUTORELEASING = YES;
				CLANG_WARN_BOOL_CONVERSION = YES;
				CLANG_WARN_COMMA = YES;
				CLANG_WARN_CONSTANT_CONVERSION = YES;
				CLANG_WARN_DEPRECATED_OBJC_IMPLEMENTATIONS = YES;
				CLANG_WARN_DIRECT_OBJC_ISA_USAGE = YES_ERROR;
				CLANG_WARN_DOCUMENTATION_COMMENTS = YES;
				CLANG_WARN_EMPTY_BODY = YES;
				CLANG_WARN_ENUM_CONVERSION = YES;
				CLANG_WARN_INFINITE_RECURSION = YES;
				CLANG_WARN_INT_CONVERSION = YES;
				CLANG_WARN_NON_LITERAL_NULL_CONVERSION = YES;
				CLANG_WARN_OBJC_IMPLICIT_RETAIN_SELF = YES;
				CLANG_WARN_OBJC_LITERAL_CONVERSION = YES;
				CLANG_WARN_OBJC_ROOT_CLASS = YES_ERROR;
				CLANG_WARN_QUOTED_INCLUDE_IN_FRAMEWORK_HEADER = YES;
				CLANG_WARN_RANGE_LOOP_ANALYSIS = YES;
				CLANG_WARN_STRICT_PROTOTYPES = YES;
				CLANG_WARN_SUSPICIOUS_MOVE = YES;
				CLANG_WARN_UNGUARDED_AVAILABILITY = YES_AGGRESSIVE;
				CLANG_WARN_UNREACHABLE_CODE = YES;
				CLANG_WARN__DUPLICATE_METHOD_MATCH = YES;
				COPY_PHASE_STRIP = NO;
				DEBUG_INFORMATION_FORMAT = dwarf;
				ENABLE_STRICT_OBJC_MSGSEND = YES;
				ENABLE_TESTABILITY = YES;
				ENABLE_USER_SCRIPT_SANDBOXING = YES;
				GCC_C_LANGUAGE_STANDARD = gnu17;
				GCC_DYNAMIC_NO_PIC = NO;
				GCC_NO_COMMON_BLOCKS = YES;
				GCC_OPTIMIZATION_LEVEL = 0;
				GCC_PREPROCESSOR_DEFINITIONS = (
					"DEBUG=1",
					"$(inherited)",
				);
				GCC_WARN_64_TO_32_BIT_CONVERSION = YES;
				GCC_WARN_ABOUT_RETURN_TYPE = YES_ERROR;
				GCC_WARN_UNDECLARED_SELECTOR = YES;
				GCC_WARN_UNINITIALIZED_AUTOS = YES_AGGRESSIVE;
				GCC_WARN_UNUSED_FUNCTION = YES;
				GCC_WARN_UNUSED_VARIABLE = YES;
				IPHONEOS_DEPLOYMENT_TARGET = 17.0;
				LOCALIZATION_PREFERS_STRING_CATALOGS = YES;
				MTL_ENABLE_DEBUG_INFO = INCLUDE_SOURCE;
				MTL_FAST_MATH = YES;
				ONLY_ACTIVE_ARCH = YES;
				SDKROOT = iphoneos;
				SWIFT_ACTIVE_COMPILATION_CONDITIONS = "DEBUG $(inherited)";
				SWIFT_OPTIMIZATION_LEVEL = "-Onone";
			};
			name = Debug;
		};
		10DE0C6A2C3CE58200795A22 /* Release */ = {
			isa = XCBuildConfiguration;
			buildSettings = {
				ALWAYS_SEARCH_USER_PATHS = NO;
				ASSETCATALOG_COMPILER_GENERATE_SWIFT_ASSET_SYMBOL_EXTENSIONS = YES;
				CLANG_ANALYZER_NONNULL = YES;
				CLANG_ANALYZER_NUMBER_OBJECT_CONVERSION = YES_AGGRESSIVE;
				CLANG_CXX_LANGUAGE_STANDARD = "gnu++20";
				CLANG_ENABLE_MODULES = YES;
				CLANG_ENABLE_OBJC_ARC = YES;
				CLANG_ENABLE_OBJC_WEAK = YES;
				CLANG_WARN_BLOCK_CAPTURE_AUTORELEASING = YES;
				CLANG_WARN_BOOL_CONVERSION = YES;
				CLANG_WARN_COMMA = YES;
				CLANG_WARN_CONSTANT_CONVERSION = YES;
				CLANG_WARN_DEPRECATED_OBJC_IMPLEMENTATIONS = YES;
				CLANG_WARN_DIRECT_OBJC_ISA_USAGE = YES_ERROR;
				CLANG_WARN_DOCUMENTATION_COMMENTS = YES;
				CLANG_WARN_EMPTY_BODY = YES;
				CLANG_WARN_ENUM_CONVERSION = YES;
				CLANG_WARN_INFINITE_RECURSION = YES;
				CLANG_WARN_INT_CONVERSION = YES;
				CLANG_WARN_NON_LITERAL_NULL_CONVERSION = YES;
				CLANG_WARN_OBJC_IMPLICIT_RETAIN_SELF = YES;
				CLANG_WARN_OBJC_LITERAL_CONVERSION = YES;
				CLANG_WARN_OBJC_ROOT_CLASS = YES_ERROR;
				CLANG_WARN_QUOTED_INCLUDE_IN_FRAMEWORK_HEADER = YES;
				CLANG_WARN_RANGE_LOOP_ANALYSIS = YES;
				CLANG_WARN_STRICT_PROTOTYPES = YES;
				CLANG_WARN_SUSPICIOUS_MOVE = YES;
				CLANG_WARN_UNGUARDED_AVAILABILITY = YES_AGGRESSIVE;
				CLANG_WARN_UNREACHABLE_CODE = YES;
				CLANG_WARN__DUPLICATE_METHOD_MATCH = YES;
				COPY_PHASE_STRIP = NO;
				DEBUG_INFORMATION_FORMAT = "dwarf-with-dsym";
				ENABLE_NS_ASSERTIONS = NO;
				ENABLE_STRICT_OBJC_MSGSEND = YES;
				ENABLE_USER_SCRIPT_SANDBOXING = YES;
				GCC_C_LANGUAGE_STANDARD = gnu17;
				GCC_NO_COMMON_BLOCKS = YES;
				GCC_WARN_64_TO_32_BIT_CONVERSION = YES;
				GCC_WARN_ABOUT_RETURN_TYPE = YES_ERROR;
				GCC_WARN_UNDECLARED_SELECTOR = YES;
				GCC_WARN_UNINITIALIZED_AUTOS = YES_AGGRESSIVE;
				GCC_WARN_UNUSED_FUNCTION = YES;
				GCC_WARN_UNUSED_VARIABLE = YES;
				IPHONEOS_DEPLOYMENT_TARGET = 17.0;
				LOCALIZATION_PREFERS_STRING_CATALOGS = YES;
				MTL_ENABLE_DEBUG_INFO = NO;
				MTL_FAST_MATH = YES;
				SDKROOT = iphoneos;
				SWIFT_COMPILATION_MODE = wholemodule;
				VALIDATE_PRODUCT = YES;
			};
			name = Release;
		};
		10DE0C6C2C3CE58200795A22 /* Debug */ = {
			isa = XCBuildConfiguration;
			buildSettings = {
				ASSETCATALOG_COMPILER_APPICON_NAME = AppIcon;
				ASSETCATALOG_COMPILER_GLOBAL_ACCENT_COLOR_NAME = AccentColor;
				CODE_SIGN_STYLE = Automatic;
				CURRENT_PROJECT_VERSION = 1;
				DEVELOPMENT_ASSET_PATHS = "\"financeEducation/Preview Content\"";
				ENABLE_PREVIEWS = YES;
				GENERATE_INFOPLIST_FILE = YES;
				INFOPLIST_KEY_UIApplicationSceneManifest_Generation = YES;
				INFOPLIST_KEY_UIApplicationSupportsIndirectInputEvents = YES;
				INFOPLIST_KEY_UILaunchScreen_Generation = YES;
				INFOPLIST_KEY_UISupportedInterfaceOrientations_iPad = "UIInterfaceOrientationPortrait UIInterfaceOrientationPortraitUpsideDown UIInterfaceOrientationLandscapeLeft UIInterfaceOrientationLandscapeRight";
				INFOPLIST_KEY_UISupportedInterfaceOrientations_iPhone = "UIInterfaceOrientationPortrait UIInterfaceOrientationLandscapeLeft UIInterfaceOrientationLandscapeRight";
				LD_RUNPATH_SEARCH_PATHS = (
					"$(inherited)",
					"@executable_path/Frameworks",
				);
				MARKETING_VERSION = 1.0;
				PRODUCT_BUNDLE_IDENTIFIER = ana.financeEducation;
				PRODUCT_NAME = "$(TARGET_NAME)";
				SWIFT_EMIT_LOC_STRINGS = YES;
				SWIFT_VERSION = 5.0;
				TARGETED_DEVICE_FAMILY = "1,2";
			};
			name = Debug;
		};
		10DE0C6D2C3CE58200795A22 /* Release */ = {
			isa = XCBuildConfiguration;
			buildSettings = {
				ASSETCATALOG_COMPILER_APPICON_NAME = AppIcon;
				ASSETCATALOG_COMPILER_GLOBAL_ACCENT_COLOR_NAME = AccentColor;
				CODE_SIGN_STYLE = Automatic;
				CURRENT_PROJECT_VERSION = 1;
				DEVELOPMENT_ASSET_PATHS = "\"financeEducation/Preview Content\"";
				ENABLE_PREVIEWS = YES;
				GENERATE_INFOPLIST_FILE = YES;
				INFOPLIST_KEY_UIApplicationSceneManifest_Generation = YES;
				INFOPLIST_KEY_UIApplicationSupportsIndirectInputEvents = YES;
				INFOPLIST_KEY_UILaunchScreen_Generation = YES;
				INFOPLIST_KEY_UISupportedInterfaceOrientations_iPad = "UIInterfaceOrientationPortrait UIInterfaceOrientationPortraitUpsideDown UIInterfaceOrientationLandscapeLeft UIInterfaceOrientationLandscapeRight";
				INFOPLIST_KEY_UISupportedInterfaceOrientations_iPhone = "UIInterfaceOrientationPortrait UIInterfaceOrientationLandscapeLeft UIInterfaceOrientationLandscapeRight";
				LD_RUNPATH_SEARCH_PATHS = (
					"$(inherited)",
					"@executable_path/Frameworks",
				);
				MARKETING_VERSION = 1.0;
				PRODUCT_BUNDLE_IDENTIFIER = ana.financeEducation;
				PRODUCT_NAME = "$(TARGET_NAME)";
				SWIFT_EMIT_LOC_STRINGS = YES;
				SWIFT_VERSION = 5.0;
				TARGETED_DEVICE_FAMILY = "1,2";
			};
			name = Release;
		};
		10DE0C6F2C3CE58200795A22 /* Debug */ = {
			isa = XCBuildConfiguration;
			buildSettings = {
				ALWAYS_EMBED_SWIFT_STANDARD_LIBRARIES = YES;
				BUNDLE_LOADER = "$(TEST_HOST)";
				CODE_SIGN_STYLE = Automatic;
				CURRENT_PROJECT_VERSION = 1;
				GENERATE_INFOPLIST_FILE = YES;
				IPHONEOS_DEPLOYMENT_TARGET = 17.0;
				MARKETING_VERSION = 1.0;
				PRODUCT_BUNDLE_IDENTIFIER = ana.financeEducationTests;
				PRODUCT_NAME = "$(TARGET_NAME)";
				SWIFT_EMIT_LOC_STRINGS = NO;
				SWIFT_VERSION = 5.0;
				TARGETED_DEVICE_FAMILY = "1,2";
				TEST_HOST = "$(BUILT_PRODUCTS_DIR)/financeEducation.app/$(BUNDLE_EXECUTABLE_FOLDER_PATH)/financeEducation";
			};
			name = Debug;
		};
		10DE0C702C3CE58200795A22 /* Release */ = {
			isa = XCBuildConfiguration;
			buildSettings = {
				ALWAYS_EMBED_SWIFT_STANDARD_LIBRARIES = YES;
				BUNDLE_LOADER = "$(TEST_HOST)";
				CODE_SIGN_STYLE = Automatic;
				CURRENT_PROJECT_VERSION = 1;
				GENERATE_INFOPLIST_FILE = YES;
				IPHONEOS_DEPLOYMENT_TARGET = 17.0;
				MARKETING_VERSION = 1.0;
				PRODUCT_BUNDLE_IDENTIFIER = ana.financeEducationTests;
				PRODUCT_NAME = "$(TARGET_NAME)";
				SWIFT_EMIT_LOC_STRINGS = NO;
				SWIFT_VERSION = 5.0;
				TARGETED_DEVICE_FAMILY = "1,2";
				TEST_HOST = "$(BUILT_PRODUCTS_DIR)/financeEducation.app/$(BUNDLE_EXECUTABLE_FOLDER_PATH)/financeEducation";
			};
			name = Release;
		};
		10DE0C722C3CE58200795A22 /* Debug */ = {
			isa = XCBuildConfiguration;
			buildSettings = {
				ALWAYS_EMBED_SWIFT_STANDARD_LIBRARIES = YES;
				CODE_SIGN_STYLE = Automatic;
				CURRENT_PROJECT_VERSION = 1;
				GENERATE_INFOPLIST_FILE = YES;
				MARKETING_VERSION = 1.0;
				PRODUCT_BUNDLE_IDENTIFIER = ana.financeEducationUITests;
				PRODUCT_NAME = "$(TARGET_NAME)";
				SWIFT_EMIT_LOC_STRINGS = NO;
				SWIFT_VERSION = 5.0;
				TARGETED_DEVICE_FAMILY = "1,2";
				TEST_TARGET_NAME = financeEducation;
			};
			name = Debug;
		};
		10DE0C732C3CE58200795A22 /* Release */ = {
			isa = XCBuildConfiguration;
			buildSettings = {
				ALWAYS_EMBED_SWIFT_STANDARD_LIBRARIES = YES;
				CODE_SIGN_STYLE = Automatic;
				CURRENT_PROJECT_VERSION = 1;
				GENERATE_INFOPLIST_FILE = YES;
				MARKETING_VERSION = 1.0;
				PRODUCT_BUNDLE_IDENTIFIER = ana.financeEducationUITests;
				PRODUCT_NAME = "$(TARGET_NAME)";
				SWIFT_EMIT_LOC_STRINGS = NO;
				SWIFT_VERSION = 5.0;
				TARGETED_DEVICE_FAMILY = "1,2";
				TEST_TARGET_NAME = financeEducation;
			};
			name = Release;
		};
/* End XCBuildConfiguration section */

/* Begin XCConfigurationList section */
		10DE0C422C3CE58000795A22 /* Build configuration list for PBXProject "financeEducation" */ = {
			isa = XCConfigurationList;
			buildConfigurations = (
				10DE0C692C3CE58200795A22 /* Debug */,
				10DE0C6A2C3CE58200795A22 /* Release */,
			);
			defaultConfigurationIsVisible = 0;
			defaultConfigurationName = Release;
		};
		10DE0C6B2C3CE58200795A22 /* Build configuration list for PBXNativeTarget "financeEducation" */ = {
			isa = XCConfigurationList;
			buildConfigurations = (
				10DE0C6C2C3CE58200795A22 /* Debug */,
				10DE0C6D2C3CE58200795A22 /* Release */,
			);
			defaultConfigurationIsVisible = 0;
			defaultConfigurationName = Release;
		};
		10DE0C6E2C3CE58200795A22 /* Build configuration list for PBXNativeTarget "financeEducationTests" */ = {
			isa = XCConfigurationList;
			buildConfigurations = (
				10DE0C6F2C3CE58200795A22 /* Debug */,
				10DE0C702C3CE58200795A22 /* Release */,
			);
			defaultConfigurationIsVisible = 0;
			defaultConfigurationName = Release;
		};
		10DE0C712C3CE58200795A22 /* Build configuration list for PBXNativeTarget "financeEducationUITests" */ = {
			isa = XCConfigurationList;
			buildConfigurations = (
				10DE0C722C3CE58200795A22 /* Debug */,
				10DE0C732C3CE58200795A22 /* Release */,
			);
			defaultConfigurationIsVisible = 0;
			defaultConfigurationName = Release;
		};
/* End XCConfigurationList section */
	};
	rootObject = 10DE0C3F2C3CE58000795A22 /* Project object */;
}
